
Microsoft Visual Studio Solution File, Format Version 12.00
# Visual Studio Version 17
VisualStudioVersion = 17.10.35122.118
MinimumVisualStudioVersion = 10.0.40219.1
Project("{FAE04EC0-301F-11D3-BF4B-00C04F79EFBC}") = "SYSFARMACIASANJUAN", "SYSFARMACIASANJUAN\SYSFARMACIASANJUAN.csproj", "{1D424303-B5B0-4C08-8CBA-69C40E07FB9A}"
EndProject
Global
	GlobalSection(SolutionConfigurationPlatforms) = preSolution
		Debug|Any CPU = Debug|Any CPU
		Release|Any CPU = Release|Any CPU
	EndGlobalSection
	GlobalSection(ProjectConfigurationPlatforms) = postSolution
		{1D424303-B5B0-4C08-8CBA-69C40E07FB9A}.Debug|Any CPU.ActiveCfg = Debug|Any CPU
		{1D424303-B5B0-4C08-8CBA-69C40E07FB9A}.Debug|Any CPU.Build.0 = Debug|Any CPU
		{1D424303-B5B0-4C08-8CBA-69C40E07FB9A}.Release|Any CPU.ActiveCfg = Release|Any CPU
		{1D424303-B5B0-4C08-8CBA-69C40E07FB9A}.Release|Any CPU.Build.0 = Release|Any CPU
	EndGlobalSection
	GlobalSection(SolutionProperties) = preSolution
		HideSolutionNode = FALSE
	EndGlobalSection
	GlobalSection(ExtensibilityGlobals) = postSolution
		SolutionGuid = {73E2B895-DD3D-49BC-89DE-DFED18986A27}
	EndGlobalSection
EndGlobal
